
Microsoft Visual Studio Solution File, Format Version 12.00
# Visual Studio Version 17
VisualStudioVersion = 17.13.35806.99 d17.13
MinimumVisualStudioVersion = 10.0.40219.1
Project("{FAE04EC0-301F-11D3-BF4B-00C04F79EFBC}") = "EmojiCalendar.App", "EmojiCalendar.App.csproj", "{3FDACAC6-43FF-4541-A596-8D2E8E3E0C19}"
EndProject
Project("{FAE04EC0-301F-11D3-BF4B-00C04F79EFBC}") = "EmojiCalendar.Core", "..\EmojiCalendar.Core\EmojiCalendar.Core.csproj", "{F27F9599-AB50-484B-831A-8F8A58DBACAA}"
EndProject
Project("{FAE04EC0-301F-11D3-BF4B-00C04F79EFBC}") = "EmojiCalendar.Tests", "..\EmojiCalendar.Tests\EmojiCalendar.Tests.csproj", "{9AAA58C7-2605-4B1C-843F-FF51CE27AC26}"
EndProject
Global
	GlobalSection(SolutionConfigurationPlatforms) = preSolution
		Debug|Any CPU = Debug|Any CPU
		Release|Any CPU = Release|Any CPU
	EndGlobalSection
	GlobalSection(ProjectConfigurationPlatforms) = postSolution
		{3FDACAC6-43FF-4541-A596-8D2E8E3E0C19}.Debug|Any CPU.ActiveCfg = Debug|Any CPU
		{3FDACAC6-43FF-4541-A596-8D2E8E3E0C19}.Debug|Any CPU.Build.0 = Debug|Any CPU
		{3FDACAC6-43FF-4541-A596-8D2E8E3E0C19}.Release|Any CPU.ActiveCfg = Release|Any CPU
		{3FDACAC6-43FF-4541-A596-8D2E8E3E0C19}.Release|Any CPU.Build.0 = Release|Any CPU
		{F27F9599-AB50-484B-831A-8F8A58DBACAA}.Debug|Any CPU.ActiveCfg = Debug|Any CPU
		{F27F9599-AB50-484B-831A-8F8A58DBACAA}.Debug|Any CPU.Build.0 = Debug|Any CPU
		{F27F9599-AB50-484B-831A-8F8A58DBACAA}.Release|Any CPU.ActiveCfg = Release|Any CPU
		{F27F9599-AB50-484B-831A-8F8A58DBACAA}.Release|Any CPU.Build.0 = Release|Any CPU
		{9AAA58C7-2605-4B1C-843F-FF51CE27AC26}.Debug|Any CPU.ActiveCfg = Debug|Any CPU
		{9AAA58C7-2605-4B1C-843F-FF51CE27AC26}.Debug|Any CPU.Build.0 = Debug|Any CPU
		{9AAA58C7-2605-4B1C-843F-FF51CE27AC26}.Release|Any CPU.ActiveCfg = Release|Any CPU
		{9AAA58C7-2605-4B1C-843F-FF51CE27AC26}.Release|Any CPU.Build.0 = Release|Any CPU
	EndGlobalSection
	GlobalSection(SolutionProperties) = preSolution
		HideSolutionNode = FALSE
	EndGlobalSection
	GlobalSection(ExtensibilityGlobals) = postSolution
		SolutionGuid = {3C00CDE3-7F0B-40F9-89ED-14406F232AAF}
	EndGlobalSection
EndGlobal
